# This file is generated by running "yarn install" inside your project.
# Manual changes might be lost - proceed with caution!

__metadata:
  version: 6
  cacheKey: 8

"@backstage-community/backstage-plugin-scaffolder-backend-module-mta-dynamic@workspace:.":
  version: 0.0.0-use.local
  resolution: "@backstage-community/backstage-plugin-scaffolder-backend-module-mta-dynamic@workspace:."
  dependencies:
    openid-client: ^5.6.5
  peerDependencies:
    "@backstage/backend-common": ^0.21.6
    "@backstage/backend-dynamic-feature-service": ^0.2.15
    "@backstage/backend-plugin-api": ^0.6.17
    "@backstage/catalog-client": ^1.6.5
    "@backstage/plugin-scaffolder-node": ^0.4.2
  languageName: unknown
  linkType: soft

"jose@npm:^4.15.9":
  version: 4.15.9
  resolution: "jose@npm:4.15.9"
  checksum: 41abe1c99baa3cf8a78ebbf93da8f8e50e417b7a26754c4afa21865d87527b8ac2baf66de2c5f6accc3f7d7158658dae7364043677236ea1d07895b040097f15
  languageName: node
  linkType: hard

"lru-cache@npm:^6.0.0":
  version: 6.0.0
  resolution: "lru-cache@npm:6.0.0"
  dependencies:
    yallist: ^4.0.0
  checksum: f97f499f898f23e4585742138a22f22526254fdba6d75d41a1c2526b3b6cc5747ef59c5612ba7375f42aca4f8461950e925ba08c991ead0651b4918b7c978297
  languageName: node
  linkType: hard

"object-hash@npm:^2.2.0":
  version: 2.2.0
  resolution: "object-hash@npm:2.2.0"
  checksum: 55ba841e3adce9c4f1b9b46b41983eda40f854e0d01af2802d3ae18a7085a17168d6b81731d43fdf1d6bcbb3c9f9c56d22c8fea992203ad90a38d7d919bc28f1
  languageName: node
  linkType: hard

"oidc-token-hash@npm:^5.0.3":
  version: 5.0.3
  resolution: "oidc-token-hash@npm:5.0.3"
  checksum: 35fa19aea9ff2c509029ec569d74b778c8a215b92bd5e6e9bc4ebbd7ab035f44304ff02430a6397c3fb7c1d15ebfa467807ca0bcd31d06ba610b47798287d303
  languageName: node
  linkType: hard

"openid-client@npm:^5.6.5":
  version: 5.7.0
  resolution: "openid-client@npm:5.7.0"
  dependencies:
    jose: ^4.15.9
    lru-cache: ^6.0.0
    object-hash: ^2.2.0
    oidc-token-hash: ^5.0.3
  checksum: 63fc76918fc12f3d6e1456a0b170f417defccf6820acb4581ffc226cb8c9a18d50f76f0982d7a00cce2896c732eb2a6361ad6ea04b127b2603e56408b680ef9c
  languageName: node
  linkType: hard

"yallist@npm:^4.0.0":
  version: 4.0.0
  resolution: "yallist@npm:4.0.0"
  checksum: 343617202af32df2a15a3be36a5a8c0c8545208f3d3dfbc6bb7c3e3b7e8c6f8e7485432e4f3b88da3031a6e20afa7c711eded32ddfb122896ac5d914e75848d5
  languageName: node
  linkType: hard
